
Microsoft Visual Studio Solution File, Format Version 12.00
# Visual Studio Version 17
VisualStudioVersion = 17.9.34728.123
MinimumVisualStudioVersion = 10.0.40219.1
Project("{FAE04EC0-301F-11D3-BF4B-00C04F79EFBC}") = "1422. Maximum Score After Splitting a String", "1422. Maximum Score After Splitting a String\1422. Maximum Score After Splitting a String.csproj", "{6C889146-E773-4924-AA37-494FB002098E}"
EndProject
Global
	GlobalSection(SolutionConfigurationPlatforms) = preSolution
		Debug|Any CPU = Debug|Any CPU
		Release|Any CPU = Release|Any CPU
	EndGlobalSection
	GlobalSection(ProjectConfigurationPlatforms) = postSolution
		{6C889146-E773-4924-AA37-494FB002098E}.Debug|Any CPU.ActiveCfg = Debug|Any CPU
		{6C889146-E773-4924-AA37-494FB002098E}.Debug|Any CPU.Build.0 = Debug|Any CPU
		{6C889146-E773-4924-AA37-494FB002098E}.Release|Any CPU.ActiveCfg = Release|Any CPU
		{6C889146-E773-4924-AA37-494FB002098E}.Release|Any CPU.Build.0 = Release|Any CPU
	EndGlobalSection
	GlobalSection(SolutionProperties) = preSolution
		HideSolutionNode = FALSE
	EndGlobalSection
	GlobalSection(ExtensibilityGlobals) = postSolution
		SolutionGuid = {4335D6BD-5F20-4C4A-A168-775CC41FA14E}
	EndGlobalSection
EndGlobal
