
Microsoft Visual Studio Solution File, Format Version 12.00
# Visual Studio Version 17
VisualStudioVersion = 17.9.34728.123
MinimumVisualStudioVersion = 10.0.40219.1
Project("{FAE04EC0-301F-11D3-BF4B-00C04F79EFBC}") = "1930. Unique Length-3 Palindromic Subsequences", "1930. Unique Length-3 Palindromic Subsequences\1930. Unique Length-3 Palindromic Subsequences.csproj", "{91424629-A554-42E8-8C89-6FBBAF2E7053}"
EndProject
Global
	GlobalSection(SolutionConfigurationPlatforms) = preSolution
		Debug|Any CPU = Debug|Any CPU
		Release|Any CPU = Release|Any CPU
	EndGlobalSection
	GlobalSection(ProjectConfigurationPlatforms) = postSolution
		{91424629-A554-42E8-8C89-6FBBAF2E7053}.Debug|Any CPU.ActiveCfg = Debug|Any CPU
		{91424629-A554-42E8-8C89-6FBBAF2E7053}.Debug|Any CPU.Build.0 = Debug|Any CPU
		{91424629-A554-42E8-8C89-6FBBAF2E7053}.Release|Any CPU.ActiveCfg = Release|Any CPU
		{91424629-A554-42E8-8C89-6FBBAF2E7053}.Release|Any CPU.Build.0 = Release|Any CPU
	EndGlobalSection
	GlobalSection(SolutionProperties) = preSolution
		HideSolutionNode = FALSE
	EndGlobalSection
	GlobalSection(ExtensibilityGlobals) = postSolution
		SolutionGuid = {E729A1FD-2D80-4BE7-BAD9-3D13907AC783}
	EndGlobalSection
EndGlobal
