
Microsoft Visual Studio Solution File, Format Version 12.00
# Visual Studio Version 17
VisualStudioVersion = 17.9.34728.123
MinimumVisualStudioVersion = 10.0.40219.1
Project("{FAE04EC0-301F-11D3-BF4B-00C04F79EFBC}") = "2270. Number of Ways to Split Array", "2270. Number of Ways to Split Array\2270. Number of Ways to Split Array.csproj", "{1E254B81-2A42-41AC-9C6D-EA421F9EB150}"
EndProject
Global
	GlobalSection(SolutionConfigurationPlatforms) = preSolution
		Debug|Any CPU = Debug|Any CPU
		Release|Any CPU = Release|Any CPU
	EndGlobalSection
	GlobalSection(ProjectConfigurationPlatforms) = postSolution
		{1E254B81-2A42-41AC-9C6D-EA421F9EB150}.Debug|Any CPU.ActiveCfg = Debug|Any CPU
		{1E254B81-2A42-41AC-9C6D-EA421F9EB150}.Debug|Any CPU.Build.0 = Debug|Any CPU
		{1E254B81-2A42-41AC-9C6D-EA421F9EB150}.Release|Any CPU.ActiveCfg = Release|Any CPU
		{1E254B81-2A42-41AC-9C6D-EA421F9EB150}.Release|Any CPU.Build.0 = Release|Any CPU
	EndGlobalSection
	GlobalSection(SolutionProperties) = preSolution
		HideSolutionNode = FALSE
	EndGlobalSection
	GlobalSection(ExtensibilityGlobals) = postSolution
		SolutionGuid = {6B6F8BFA-E215-44F4-8AF9-D37140ED880B}
	EndGlobalSection
EndGlobal
